// !$*UTF8*$!
{
	archiveVersion = 1;
	classes = {
	};
	objectVersion = 50;
	objects = {

/* Begin PBXBuildFile section */
		005E0926267A535500872241 /* CharacterSheetViewViewController.swift in Sources */ = {isa = PBXBuildFile; fileRef = 005E0924267A535500872241 /* CharacterSheetViewViewController.swift */; };
		005E0927267A535500872241 /* CharacterSheetViewViewController.xib in Resources */ = {isa = PBXBuildFile; fileRef = 005E0925267A535500872241 /* CharacterSheetViewViewController.xib */; };
		005E0961267D26B700872241 /* CustomCharacterCellTableViewCell.swift in Sources */ = {isa = PBXBuildFile; fileRef = 005E0960267D26B700872241 /* CustomCharacterCellTableViewCell.swift */; };
		005E09632680FC8E00872241 /* MapViewController.swift in Sources */ = {isa = PBXBuildFile; fileRef = 005E09622680FC8E00872241 /* MapViewController.swift */; };
		005ED360267940A400975988 /* AppDelegate.swift in Sources */ = {isa = PBXBuildFile; fileRef = 005ED35F267940A400975988 /* AppDelegate.swift */; };
		005ED362267940A400975988 /* SceneDelegate.swift in Sources */ = {isa = PBXBuildFile; fileRef = 005ED361267940A400975988 /* SceneDelegate.swift */; };
		005ED364267940A400975988 /* ViewController.swift in Sources */ = {isa = PBXBuildFile; fileRef = 005ED363267940A400975988 /* ViewController.swift */; };
		005ED367267940A400975988 /* Main.storyboard in Resources */ = {isa = PBXBuildFile; fileRef = 005ED365267940A400975988 /* Main.storyboard */; };
		005ED36A267940A400975988 /* CharSheet.xcdatamodeld in Sources */ = {isa = PBXBuildFile; fileRef = 005ED368267940A400975988 /* CharSheet.xcdatamodeld */; };
		005ED36C267940A600975988 /* Assets.xcassets in Resources */ = {isa = PBXBuildFile; fileRef = 005ED36B267940A600975988 /* Assets.xcassets */; };
		005ED36F267940A600975988 /* LaunchScreen.storyboard in Resources */ = {isa = PBXBuildFile; fileRef = 005ED36D267940A600975988 /* LaunchScreen.storyboard */; };
		005ED3AF267980B500975988 /* CharacterSheet.swift in Sources */ = {isa = PBXBuildFile; fileRef = 005ED3AE267980B500975988 /* CharacterSheet.swift */; };
		005ED3B1267988DD00975988 /* CharactersTableVIewController.swift in Sources */ = {isa = PBXBuildFile; fileRef = 005ED3B0267988DD00975988 /* CharactersTableVIewController.swift */; };
		00C5DC2827CC5E34000810A0 /* CharacterAdditionViewController.swift in Sources */ = {isa = PBXBuildFile; fileRef = 00C5DC2727CC5E34000810A0 /* CharacterAdditionViewController.swift */; };
		00C5DC2A27CC6CA5000810A0 /* CharacterStats.swift in Sources */ = {isa = PBXBuildFile; fileRef = 00C5DC2927CC6CA5000810A0 /* CharacterStats.swift */; };
		00C5E44827D40A0E000810A0 /* InputTableViewCell.swift in Sources */ = {isa = PBXBuildFile; fileRef = 00C5E44727D40A0D000810A0 /* InputTableViewCell.swift */; };
		00F3051927A63D76000CE953 /* ControllerExtensions.swift in Sources */ = {isa = PBXBuildFile; fileRef = 00F3051827A63D76000CE953 /* ControllerExtensions.swift */; };
		00F3051B27A66362000CE953 /* CharacterCreation.swift in Sources */ = {isa = PBXBuildFile; fileRef = 00F3051A27A66362000CE953 /* CharacterCreation.swift */; };
		00F3051D27A66791000CE953 /* ExtentRevealerViewController.swift in Sources */ = {isa = PBXBuildFile; fileRef = 00F3051C27A66791000CE953 /* ExtentRevealerViewController.swift */; };
/* End PBXBuildFile section */

/* Begin PBXFileReference section */
		005E0924267A535500872241 /* CharacterSheetViewViewController.swift */ = {isa = PBXFileReference; lastKnownFileType = sourcecode.swift; path = CharacterSheetViewViewController.swift; sourceTree = "<group>"; };
		005E0925267A535500872241 /* CharacterSheetViewViewController.xib */ = {isa = PBXFileReference; lastKnownFileType = file.xib; path = CharacterSheetViewViewController.xib; sourceTree = "<group>"; };
		005E0960267D26B700872241 /* CustomCharacterCellTableViewCell.swift */ = {isa = PBXFileReference; lastKnownFileType = sourcecode.swift; path = CustomCharacterCellTableViewCell.swift; sourceTree = "<group>"; };
		005E09622680FC8E00872241 /* MapViewController.swift */ = {isa = PBXFileReference; lastKnownFileType = sourcecode.swift; path = MapViewController.swift; sourceTree = "<group>"; };
		005ED35C267940A400975988 /* CharSheet.app */ = {isa = PBXFileReference; explicitFileType = wrapper.application; includeInIndex = 0; path = CharSheet.app; sourceTree = BUILT_PRODUCTS_DIR; };
		005ED35F267940A400975988 /* AppDelegate.swift */ = {isa = PBXFileReference; lastKnownFileType = sourcecode.swift; path = AppDelegate.swift; sourceTree = "<group>"; };
		005ED361267940A400975988 /* SceneDelegate.swift */ = {isa = PBXFileReference; lastKnownFileType = sourcecode.swift; path = SceneDelegate.swift; sourceTree = "<group>"; };
		005ED363267940A400975988 /* ViewController.swift */ = {isa = PBXFileReference; lastKnownFileType = sourcecode.swift; path = ViewController.swift; sourceTree = "<group>"; };
		005ED366267940A400975988 /* Base */ = {isa = PBXFileReference; lastKnownFileType = file.storyboard; name = Base; path = Base.lproj/Main.storyboard; sourceTree = "<group>"; };
		005ED369267940A400975988 /* CharSheet.xcdatamodel */ = {isa = PBXFileReference; lastKnownFileType = wrapper.xcdatamodel; path = CharSheet.xcdatamodel; sourceTree = "<group>"; };
		005ED36B267940A600975988 /* Assets.xcassets */ = {isa = PBXFileReference; lastKnownFileType = folder.assetcatalog; path = Assets.xcassets; sourceTree = "<group>"; };
		005ED36E267940A600975988 /* Base */ = {isa = PBXFileReference; lastKnownFileType = file.storyboard; name = Base; path = Base.lproj/LaunchScreen.storyboard; sourceTree = "<group>"; };
		005ED370267940A600975988 /* Info.plist */ = {isa = PBXFileReference; lastKnownFileType = text.plist.xml; path = Info.plist; sourceTree = "<group>"; };
		005ED3AE267980B500975988 /* CharacterSheet.swift */ = {isa = PBXFileReference; lastKnownFileType = sourcecode.swift; path = CharacterSheet.swift; sourceTree = "<group>"; };
		005ED3B0267988DD00975988 /* CharactersTableVIewController.swift */ = {isa = PBXFileReference; lastKnownFileType = sourcecode.swift; path = CharactersTableVIewController.swift; sourceTree = "<group>"; };
		00C5DC2727CC5E34000810A0 /* CharacterAdditionViewController.swift */ = {isa = PBXFileReference; lastKnownFileType = sourcecode.swift; path = CharacterAdditionViewController.swift; sourceTree = "<group>"; };
		00C5DC2927CC6CA5000810A0 /* CharacterStats.swift */ = {isa = PBXFileReference; lastKnownFileType = sourcecode.swift; path = CharacterStats.swift; sourceTree = "<group>"; };
		00C5E44727D40A0D000810A0 /* InputTableViewCell.swift */ = {isa = PBXFileReference; lastKnownFileType = sourcecode.swift; path = InputTableViewCell.swift; sourceTree = "<group>"; };
		00F3051827A63D76000CE953 /* ControllerExtensions.swift */ = {isa = PBXFileReference; lastKnownFileType = sourcecode.swift; path = ControllerExtensions.swift; sourceTree = "<group>"; };
		00F3051A27A66362000CE953 /* CharacterCreation.swift */ = {isa = PBXFileReference; lastKnownFileType = sourcecode.swift; path = CharacterCreation.swift; sourceTree = "<group>"; };
		00F3051C27A66791000CE953 /* ExtentRevealerViewController.swift */ = {isa = PBXFileReference; lastKnownFileType = sourcecode.swift; path = ExtentRevealerViewController.swift; sourceTree = "<group>"; };
/* End PBXFileReference section */

/* Begin PBXFrameworksBuildPhase section */
		005ED359267940A400975988 /* Frameworks */ = {
			isa = PBXFrameworksBuildPhase;
			buildActionMask = 2147483647;
			files = (
			);
			runOnlyForDeploymentPostprocessing = 0;
		};
/* End PBXFrameworksBuildPhase section */

/* Begin PBXGroup section */
		005ED353267940A400975988 = {
			isa = PBXGroup;
			children = (
				005ED35E267940A400975988 /* CharSheet */,
				005ED35D267940A400975988 /* Products */,
			);
			sourceTree = "<group>";
		};
		005ED35D267940A400975988 /* Products */ = {
			isa = PBXGroup;
			children = (
				005ED35C267940A400975988 /* CharSheet.app */,
			);
			name = Products;
			sourceTree = "<group>";
		};
		005ED35E267940A400975988 /* CharSheet */ = {
			isa = PBXGroup;
			children = (
				00F3051A27A66362000CE953 /* CharacterCreation.swift */,
				005ED35F267940A400975988 /* AppDelegate.swift */,
				005ED361267940A400975988 /* SceneDelegate.swift */,
				005ED363267940A400975988 /* ViewController.swift */,
				005ED365267940A400975988 /* Main.storyboard */,
				005ED36B267940A600975988 /* Assets.xcassets */,
				005ED36D267940A600975988 /* LaunchScreen.storyboard */,
				005ED370267940A600975988 /* Info.plist */,
				005ED368267940A400975988 /* CharSheet.xcdatamodeld */,
				005ED3AE267980B500975988 /* CharacterSheet.swift */,
				005ED3B0267988DD00975988 /* CharactersTableVIewController.swift */,
				005E0924267A535500872241 /* CharacterSheetViewViewController.swift */,
				005E0925267A535500872241 /* CharacterSheetViewViewController.xib */,
				005E0960267D26B700872241 /* CustomCharacterCellTableViewCell.swift */,
				005E09622680FC8E00872241 /* MapViewController.swift */,
				00F3051827A63D76000CE953 /* ControllerExtensions.swift */,
				00F3051C27A66791000CE953 /* ExtentRevealerViewController.swift */,
				00C5DC2727CC5E34000810A0 /* CharacterAdditionViewController.swift */,
				00C5DC2927CC6CA5000810A0 /* CharacterStats.swift */,
				00C5E44727D40A0D000810A0 /* InputTableViewCell.swift */,
			);
			path = CharSheet;
			sourceTree = "<group>";
		};
/* End PBXGroup section */

/* Begin PBXNativeTarget section */
		005ED35B267940A400975988 /* CharSheet */ = {
			isa = PBXNativeTarget;
			buildConfigurationList = 005ED373267940A600975988 /* Build configuration list for PBXNativeTarget "CharSheet" */;
			buildPhases = (
				005ED358267940A400975988 /* Sources */,
				005ED359267940A400975988 /* Frameworks */,
				005ED35A267940A400975988 /* Resources */,
			);
			buildRules = (
			);
			dependencies = (
			);
			name = CharSheet;
			productName = CharSheet;
			productReference = 005ED35C267940A400975988 /* CharSheet.app */;
			productType = "com.apple.product-type.application";
		};
/* End PBXNativeTarget section */

/* Begin PBXProject section */
		005ED354267940A400975988 /* Project object */ = {
			isa = PBXProject;
			attributes = {
				LastSwiftUpdateCheck = 1250;
				LastUpgradeCheck = 1250;
				TargetAttributes = {
					005ED35B267940A400975988 = {
						CreatedOnToolsVersion = 12.5;
					};
				};
			};
			buildConfigurationList = 005ED357267940A400975988 /* Build configuration list for PBXProject "CharSheet" */;
			compatibilityVersion = "Xcode 9.3";
			developmentRegion = en;
			hasScannedForEncodings = 0;
			knownRegions = (
				en,
				Base,
			);
			mainGroup = 005ED353267940A400975988;
			productRefGroup = 005ED35D267940A400975988 /* Products */;
			projectDirPath = "";
			projectRoot = "";
			targets = (
				005ED35B267940A400975988 /* CharSheet */,
			);
		};
/* End PBXProject section */

/* Begin PBXResourcesBuildPhase section */
		005ED35A267940A400975988 /* Resources */ = {
			isa = PBXResourcesBuildPhase;
			buildActionMask = 2147483647;
			files = (
				005ED36F267940A600975988 /* LaunchScreen.storyboard in Resources */,
				005E0927267A535500872241 /* CharacterSheetViewViewController.xib in Resources */,
				005ED36C267940A600975988 /* Assets.xcassets in Resources */,
				005ED367267940A400975988 /* Main.storyboard in Resources */,
			);
			runOnlyForDeploymentPostprocessing = 0;
		};
/* End PBXResourcesBuildPhase section */

/* Begin PBXSourcesBuildPhase section */
		005ED358267940A400975988 /* Sources */ = {
			isa = PBXSourcesBuildPhase;
			buildActionMask = 2147483647;
			files = (
				005ED364267940A400975988 /* ViewController.swift in Sources */,
				00F3051B27A66362000CE953 /* CharacterCreation.swift in Sources */,
				005ED36A267940A400975988 /* CharSheet.xcdatamodeld in Sources */,
				005ED3AF267980B500975988 /* CharacterSheet.swift in Sources */,
				00F3051927A63D76000CE953 /* ControllerExtensions.swift in Sources */,
				005E0926267A535500872241 /* CharacterSheetViewViewController.swift in Sources */,
				00C5E44827D40A0E000810A0 /* InputTableViewCell.swift in Sources */,
				005E09632680FC8E00872241 /* MapViewController.swift in Sources */,
				005ED360267940A400975988 /* AppDelegate.swift in Sources */,
				005ED362267940A400975988 /* SceneDelegate.swift in Sources */,
				005E0961267D26B700872241 /* CustomCharacterCellTableViewCell.swift in Sources */,
				00F3051D27A66791000CE953 /* ExtentRevealerViewController.swift in Sources */,
				00C5DC2827CC5E34000810A0 /* CharacterAdditionViewController.swift in Sources */,
				00C5DC2A27CC6CA5000810A0 /* CharacterStats.swift in Sources */,
				005ED3B1267988DD00975988 /* CharactersTableVIewController.swift in Sources */,
			);
			runOnlyForDeploymentPostprocessing = 0;
		};
/* End PBXSourcesBuildPhase section */

/* Begin PBXVariantGroup section */
		005ED365267940A400975988 /* Main.storyboard */ = {
			isa = PBXVariantGroup;
			children = (
				005ED366267940A400975988 /* Base */,
			);
			name = Main.storyboard;
			sourceTree = "<group>";
		};
		005ED36D267940A600975988 /* LaunchScreen.storyboard */ = {
			isa = PBXVariantGroup;
			children = (
				005ED36E267940A600975988 /* Base */,
			);
			name = LaunchScreen.storyboard;
			sourceTree = "<group>";
		};
/* End PBXVariantGroup section */

/* Begin XCBuildConfiguration section */
		005ED371267940A600975988 /* Debug */ = {
			isa = XCBuildConfiguration;
			buildSettings = {
				ALWAYS_SEARCH_USER_PATHS = NO;
				CLANG_ANALYZER_NONNULL = YES;
				CLANG_ANALYZER_NUMBER_OBJECT_CONVERSION = YES_AGGRESSIVE;
				CLANG_CXX_LANGUAGE_STANDARD = "gnu++14";
				CLANG_CXX_LIBRARY = "libc++";
				CLANG_ENABLE_MODULES = YES;
				CLANG_ENABLE_OBJC_ARC = YES;
				CLANG_ENABLE_OBJC_WEAK = YES;
				CLANG_WARN_BLOCK_CAPTURE_AUTORELEASING = YES;
				CLANG_WARN_BOOL_CONVERSION = YES;
				CLANG_WARN_COMMA = YES;
				CLANG_WARN_CONSTANT_CONVERSION = YES;
				CLANG_WARN_DEPRECATED_OBJC_IMPLEMENTATIONS = YES;
				CLANG_WARN_DIRECT_OBJC_ISA_USAGE = YES_ERROR;
				CLANG_WARN_DOCUMENTATION_COMMENTS = YES;
				CLANG_WARN_EMPTY_BODY = YES;
				CLANG_WARN_ENUM_CONVERSION = YES;
				CLANG_WARN_INFINITE_RECURSION = YES;
				CLANG_WARN_INT_CONVERSION = YES;
				CLANG_WARN_NON_LITERAL_NULL_CONVERSION = YES;
				CLANG_WARN_OBJC_IMPLICIT_RETAIN_SELF = YES;
				CLANG_WARN_OBJC_LITERAL_CONVERSION = YES;
				CLANG_WARN_OBJC_ROOT_CLASS = YES_ERROR;
				CLANG_WARN_QUOTED_INCLUDE_IN_FRAMEWORK_HEADER = YES;
				CLANG_WARN_RANGE_LOOP_ANALYSIS = YES;
				CLANG_WARN_STRICT_PROTOTYPES = YES;
				CLANG_WARN_SUSPICIOUS_MOVE = YES;
				CLANG_WARN_UNGUARDED_AVAILABILITY = YES_AGGRESSIVE;
				CLANG_WARN_UNREACHABLE_CODE = YES;
				CLANG_WARN__DUPLICATE_METHOD_MATCH = YES;
				COPY_PHASE_STRIP = NO;
				DEBUG_INFORMATION_FORMAT = dwarf;
				ENABLE_STRICT_OBJC_MSGSEND = YES;
				ENABLE_TESTABILITY = YES;
				GCC_C_LANGUAGE_STANDARD = gnu11;
				GCC_DYNAMIC_NO_PIC = NO;
				GCC_NO_COMMON_BLOCKS = YES;
				GCC_OPTIMIZATION_LEVEL = 0;
				GCC_PREPROCESSOR_DEFINITIONS = (
					"DEBUG=1",
					"$(inherited)",
				);
				GCC_WARN_64_TO_32_BIT_CONVERSION = YES;
				GCC_WARN_ABOUT_RETURN_TYPE = YES_ERROR;
				GCC_WARN_UNDECLARED_SELECTOR = YES;
				GCC_WARN_UNINITIALIZED_AUTOS = YES_AGGRESSIVE;
				GCC_WARN_UNUSED_FUNCTION = YES;
				GCC_WARN_UNUSED_VARIABLE = YES;
				IPHONEOS_DEPLOYMENT_TARGET = 14.5;
				MTL_ENABLE_DEBUG_INFO = INCLUDE_SOURCE;
				MTL_FAST_MATH = YES;
				ONLY_ACTIVE_ARCH = YES;
				SDKROOT = iphoneos;
				SWIFT_ACTIVE_COMPILATION_CONDITIONS = DEBUG;
				SWIFT_OPTIMIZATION_LEVEL = "-Onone";
			};
			name = Debug;
		};
		005ED372267940A600975988 /* Release */ = {
			isa = XCBuildConfiguration;
			buildSettings = {
				ALWAYS_SEARCH_USER_PATHS = NO;
				CLANG_ANALYZER_NONNULL = YES;
				CLANG_ANALYZER_NUMBER_OBJECT_CONVERSION = YES_AGGRESSIVE;
				CLANG_CXX_LANGUAGE_STANDARD = "gnu++14";
				CLANG_CXX_LIBRARY = "libc++";
				CLANG_ENABLE_MODULES = YES;
				CLANG_ENABLE_OBJC_ARC = YES;
				CLANG_ENABLE_OBJC_WEAK = YES;
				CLANG_WARN_BLOCK_CAPTURE_AUTORELEASING = YES;
				CLANG_WARN_BOOL_CONVERSION = YES;
				CLANG_WARN_COMMA = YES;
				CLANG_WARN_CONSTANT_CONVERSION = YES;
				CLANG_WARN_DEPRECATED_OBJC_IMPLEMENTATIONS = YES;
				CLANG_WARN_DIRECT_OBJC_ISA_USAGE = YES_ERROR;
				CLANG_WARN_DOCUMENTATION_COMMENTS = YES;
				CLANG_WARN_EMPTY_BODY = YES;
				CLANG_WARN_ENUM_CONVERSION = YES;
				CLANG_WARN_INFINITE_RECURSION = YES;
				CLANG_WARN_INT_CONVERSION = YES;
				CLANG_WARN_NON_LITERAL_NULL_CONVERSION = YES;
				CLANG_WARN_OBJC_IMPLICIT_RETAIN_SELF = YES;
				CLANG_WARN_OBJC_LITERAL_CONVERSION = YES;
				CLANG_WARN_OBJC_ROOT_CLASS = YES_ERROR;
				CLANG_WARN_QUOTED_INCLUDE_IN_FRAMEWORK_HEADER = YES;
				CLANG_WARN_RANGE_LOOP_ANALYSIS = YES;
				CLANG_WARN_STRICT_PROTOTYPES = YES;
				CLANG_WARN_SUSPICIOUS_MOVE = YES;
				CLANG_WARN_UNGUARDED_AVAILABILITY = YES_AGGRESSIVE;
				CLANG_WARN_UNREACHABLE_CODE = YES;
				CLANG_WARN__DUPLICATE_METHOD_MATCH = YES;
				COPY_PHASE_STRIP = NO;
				DEBUG_INFORMATION_FORMAT = "dwarf-with-dsym";
				ENABLE_NS_ASSERTIONS = NO;
				ENABLE_STRICT_OBJC_MSGSEND = YES;
				GCC_C_LANGUAGE_STANDARD = gnu11;
				GCC_NO_COMMON_BLOCKS = YES;
				GCC_WARN_64_TO_32_BIT_CONVERSION = YES;
				GCC_WARN_ABOUT_RETURN_TYPE = YES_ERROR;
				GCC_WARN_UNDECLARED_SELECTOR = YES;
				GCC_WARN_UNINITIALIZED_AUTOS = YES_AGGRESSIVE;
				GCC_WARN_UNUSED_FUNCTION = YES;
				GCC_WARN_UNUSED_VARIABLE = YES;
				IPHONEOS_DEPLOYMENT_TARGET = 14.5;
				MTL_ENABLE_DEBUG_INFO = NO;
				MTL_FAST_MATH = YES;
				SDKROOT = iphoneos;
				SWIFT_COMPILATION_MODE = wholemodule;
				SWIFT_OPTIMIZATION_LEVEL = "-O";
				VALIDATE_PRODUCT = YES;
			};
			name = Release;
		};
		005ED374267940A600975988 /* Debug */ = {
			isa = XCBuildConfiguration;
			buildSettings = {
				ASSETCATALOG_COMPILER_APPICON_NAME = AppIcon;
				ASSETCATALOG_COMPILER_GLOBAL_ACCENT_COLOR_NAME = AccentColor;
				CODE_SIGN_STYLE = Automatic;
				INFOPLIST_FILE = CharSheet/Info.plist;
				LD_RUNPATH_SEARCH_PATHS = (
					"$(inherited)",
					"@executable_path/Frameworks",
				);
				PRODUCT_BUNDLE_IDENTIFIER = CharlesProject.CharSheet;
				PRODUCT_NAME = "$(TARGET_NAME)";
				SWIFT_VERSION = 5.0;
				TARGETED_DEVICE_FAMILY = "1,2";
			};
			name = Debug;
		};
		005ED375267940A600975988 /* Release */ = {
			isa = XCBuildConfiguration;
			buildSettings = {
				ASSETCATALOG_COMPILER_APPICON_NAME = AppIcon;
				ASSETCATALOG_COMPILER_GLOBAL_ACCENT_COLOR_NAME = AccentColor;
				CODE_SIGN_STYLE = Automatic;
				INFOPLIST_FILE = CharSheet/Info.plist;
				LD_RUNPATH_SEARCH_PATHS = (
					"$(inherited)",
					"@executable_path/Frameworks",
				);
				PRODUCT_BUNDLE_IDENTIFIER = CharlesProject.CharSheet;
				PRODUCT_NAME = "$(TARGET_NAME)";
				SWIFT_VERSION = 5.0;
				TARGETED_DEVICE_FAMILY = "1,2";
			};
			name = Release;
		};
/* End XCBuildConfiguration section */

/* Begin XCConfigurationList section */
		005ED357267940A400975988 /* Build configuration list for PBXProject "CharSheet" */ = {
			isa = XCConfigurationList;
			buildConfigurations = (
				005ED371267940A600975988 /* Debug */,
				005ED372267940A600975988 /* Release */,
			);
			defaultConfigurationIsVisible = 0;
			defaultConfigurationName = Release;
		};
		005ED373267940A600975988 /* Build configuration list for PBXNativeTarget "CharSheet" */ = {
			isa = XCConfigurationList;
			buildConfigurations = (
				005ED374267940A600975988 /* Debug */,
				005ED375267940A600975988 /* Release */,
			);
			defaultConfigurationIsVisible = 0;
			defaultConfigurationName = Release;
		};
/* End XCConfigurationList section */

/* Begin XCVersionGroup section */
		005ED368267940A400975988 /* CharSheet.xcdatamodeld */ = {
			isa = XCVersionGroup;
			children = (
				005ED369267940A400975988 /* CharSheet.xcdatamodel */,
			);
			currentVersion = 005ED369267940A400975988 /* CharSheet.xcdatamodel */;
			path = CharSheet.xcdatamodeld;
			sourceTree = "<group>";
			versionGroupType = wrapper.xcdatamodel;
		};
/* End XCVersionGroup section */
	};
	rootObject = 005ED354267940A400975988 /* Project object */;
}
